
Microsoft Visual Studio Solution File, Format Version 12.00
# Visual Studio Version 17
VisualStudioVersion = 17.9.34728.123
MinimumVisualStudioVersion = 10.0.40219.1
Project("{8BC9CEB8-8B4A-11D0-8D11-00A0C91BC942}") = "Project1", "Project1\Project1.vcxproj", "{CE468022-8B59-48A1-AF76-6C6E1A43B27A}"
EndProject
Project("{8BC9CEB8-8B4A-11D0-8D11-00A0C91BC942}") = "Project2", "Project2\Project2.vcxproj", "{D0396235-93E9-450D-ADAA-BABB23F4F2D4}"
EndProject
Global
	GlobalSection(SolutionConfigurationPlatforms) = preSolution
		Debug|x64 = Debug|x64
		Debug|x86 = Debug|x86
		Release|x64 = Release|x64
		Release|x86 = Release|x86
	EndGlobalSection
	GlobalSection(ProjectConfigurationPlatforms) = postSolution
		{CE468022-8B59-48A1-AF76-6C6E1A43B27A}.Debug|x64.ActiveCfg = Debug|x64
		{CE468022-8B59-48A1-AF76-6C6E1A43B27A}.Debug|x64.Build.0 = Debug|x64
		{CE468022-8B59-48A1-AF76-6C6E1A43B27A}.Debug|x86.ActiveCfg = Debug|Win32
		{CE468022-8B59-48A1-AF76-6C6E1A43B27A}.Debug|x86.Build.0 = Debug|Win32
		{CE468022-8B59-48A1-AF76-6C6E1A43B27A}.Release|x64.ActiveCfg = Release|x64
		{CE468022-8B59-48A1-AF76-6C6E1A43B27A}.Release|x64.Build.0 = Release|x64
		{CE468022-8B59-48A1-AF76-6C6E1A43B27A}.Release|x86.ActiveCfg = Release|Win32
		{CE468022-8B59-48A1-AF76-6C6E1A43B27A}.Release|x86.Build.0 = Release|Win32
		{D0396235-93E9-450D-ADAA-BABB23F4F2D4}.Debug|x64.ActiveCfg = Debug|x64
		{D0396235-93E9-450D-ADAA-BABB23F4F2D4}.Debug|x64.Build.0 = Debug|x64
		{D0396235-93E9-450D-ADAA-BABB23F4F2D4}.Debug|x86.ActiveCfg = Debug|Win32
		{D0396235-93E9-450D-ADAA-BABB23F4F2D4}.Debug|x86.Build.0 = Debug|Win32
		{D0396235-93E9-450D-ADAA-BABB23F4F2D4}.Release|x64.ActiveCfg = Release|x64
		{D0396235-93E9-450D-ADAA-BABB23F4F2D4}.Release|x64.Build.0 = Release|x64
		{D0396235-93E9-450D-ADAA-BABB23F4F2D4}.Release|x86.ActiveCfg = Release|Win32
		{D0396235-93E9-450D-ADAA-BABB23F4F2D4}.Release|x86.Build.0 = Release|Win32
	EndGlobalSection
	GlobalSection(SolutionProperties) = preSolution
		HideSolutionNode = FALSE
	EndGlobalSection
	GlobalSection(ExtensibilityGlobals) = postSolution
		SolutionGuid = {BD5F7023-8491-47CD-B419-14F2DFE6C44F}
	EndGlobalSection
EndGlobal
